{
    "_readme": [
        "This file locks the dependencies of your project to a known state",
        "Read more about it at https://getcomposer.org/doc/01-basic-usage.md#installing-dependencies",
        "This file is @generated automatically"
    ],
    "content-hash": "5ba9d4b6437aaa855a8754434c808260",
    "packages": [
        {
            "name": "fig/http-message-util",
            "version": "1.1.5",
            "source": {
                "type": "git",
                "url": "https://github.com/php-fig/http-message-util.git",
                "reference": "9d94dc0154230ac39e5bf89398b324a86f63f765"
            },
            "dist": {
                "type": "zip",
                "url": "https://api.github.com/repos/php-fig/http-message-util/zipball/9d94dc0154230ac39e5bf89398b324a86f63f765",
                "reference": "9d94dc0154230ac39e5bf89398b324a86f63f765",
                "shasum": ""
            },
            "require": {
                "php": "^5.3 || ^7.0 || ^8.0"
            },
            "suggest": {
                "psr/http-message": "The package containing the PSR-7 interfaces"
            },
            "type": "library",
            "extra": {
                "branch-alias": {
                    "dev-master": "1.1.x-dev"
                }
            },
            "autoload": {
                "psr-4": {
                    "Fig\\Http\\Message\\": "src/"
                }
            },
            "notification-url": "https://packagist.org/downloads/",
            "license": [
                "MIT"
            ],
            "authors": [
                {
                    "name": "PHP-FIG",
                    "homepage": "https://www.php-fig.org/"
                }
            ],
            "description": "Utility classes and constants for use with PSR-7 (psr/http-message)",
            "keywords": [
                "http",
                "http-message",
                "psr",
                "psr-7",
                "request",
                "response"
            ],
            "support": {
                "issues": "https://github.com/php-fig/http-message-util/issues",
                "source": "https://github.com/php-fig/http-message-util/tree/1.1.5"
            },
            "time": "2020-11-24T22:02:12+00:00"
        },
        {
            "name": "sfw2/core",
            "version": "3.0.0",
            "source": {
                "type": "git",
                "url": "https://github.com/papparazzo/sfw2-core.git",
                "reference": "25f4226291116a1fc4630c06e15b25bd9fac53dd"
            },
            "dist": {
                "type": "zip",
                "url": "https://api.github.com/repos/papparazzo/sfw2-core/zipball/25f4226291116a1fc4630c06e15b25bd9fac53dd",
                "reference": "25f4226291116a1fc4630c06e15b25bd9fac53dd",
                "shasum": ""
            },
            "require": {
                "ext-gd": "*",
                "ext-mbstring": "*",
                "fig/http-message-util": "^1.1.5",
                "php": "^8.1"
            },
            "type": "library",
            "autoload": {
                "psr-4": {
                    "SFW2\\Core\\": "src/"
                }
            },
            "license": [
                "GNU AFFERO GENERAL PUBLIC LICENSE Version 3"
            ],
            "support": {
                "source": "https://github.com/papparazzo/sfw2-core/tree/3.0.0",
                "issues": "https://github.com/papparazzo/sfw2-core/issues"
            },
            "time": "2023-10-01T16:10:33+00:00"
        },
        {
            "name": "sfw2/validator",
            "version": "5.0.0",
            "source": {
                "type": "git",
                "url": "https://github.com/papparazzo/sfw2-validator.git",
                "reference": "e1378ac0a97df469b675c3bf46c28657019cdbe9"
            },
            "dist": {
                "type": "zip",
                "url": "https://api.github.com/repos/papparazzo/sfw2-validator/zipball/e1378ac0a97df469b675c3bf46c28657019cdbe9",
                "reference": "e1378ac0a97df469b675c3bf46c28657019cdbe9",
                "shasum": ""
            },
            "require": {
                "ext-mbstring": "*",
                "php": "^8.1"
            },
            "require-dev": {
                "phpstan/phpstan": "^1.10",
                "phpunit/phpunit": "^9"
            },
            "type": "library",
            "autoload": {
                "psr-4": {
                    "SFW2\\Validator\\": "src/"
                }
            },
            "license": [
                "GNU AFFERO GENERAL PUBLIC LICENSE Version 3"
            ],
            "description": "simple validation library",
            "support": {
                "source": "https://github.com/papparazzo/sfw2-validator/tree/5.0.0",
                "issues": "https://github.com/papparazzo/sfw2-validator/issues"
            },
            "time": "2023-10-01T16:18:08+00:00"
        }
    ],
    "packages-dev": [],
    "aliases": [],
    "minimum-stability": "stable",
    "stability-flags": [],
    "prefer-stable": false,
    "prefer-lowest": false,
    "platform": {
        "php": "^8.1",
        "ext-gd": "*"
    },
    "platform-dev": [],
    "plugin-api-version": "2.3.0"
}
